
Microsoft Visual Studio Solution File, Format Version 12.00
# Visual Studio 15
VisualStudioVersion = 15.0.27004.2005
MinimumVisualStudioVersion = 10.0.40219.1
Project("{FAE04EC0-301F-11D3-BF4B-00C04F79EFBC}") = "CTDDJYDS.DatabaseCommon", "CTDDJYDS.DatabaseCommon\CTDDJYDS.DatabaseCommon.csproj", "{D6F78A30-9FF6-44D2-8307-13DE351E1126}"
EndProject
Project("{FAE04EC0-301F-11D3-BF4B-00C04F79EFBC}") = "ThoughtWorks.QRCode", "ThoughtWorks.QRCode\ThoughtWorks.QRCode.csproj", "{E98126B2-AF17-4783-96B9-856D6744DCA3}"
EndProject
Project("{2150E333-8FDC-42A3-9474-1A3956D46DE8}") = "Test", "Test", "{8CD3AB5B-57A4-4370-8E3B-3D7A31FD4049}"
EndProject
Project("{FAE04EC0-301F-11D3-BF4B-00C04F79EFBC}") = "QRCodeSampleApp", "CommonShareTest\QRCodeSampleApp\QRCodeSampleApp.csproj", "{41E1CFDE-BFA0-4274-9267-B129B46BC312}"
EndProject
Project("{FAE04EC0-301F-11D3-BF4B-00C04F79EFBC}") = "NHibernateApp", "CommonShareTest\NHibernateApp\NHibernateApp.csproj", "{B93092FC-CB78-4F95-A9DE-A94E1464EC39}"
EndProject
Global
	GlobalSection(SolutionConfigurationPlatforms) = preSolution
		Debug|Any CPU = Debug|Any CPU
		Release|Any CPU = Release|Any CPU
	EndGlobalSection
	GlobalSection(ProjectConfigurationPlatforms) = postSolution
		{D6F78A30-9FF6-44D2-8307-13DE351E1126}.Debug|Any CPU.ActiveCfg = Debug|Any CPU
		{D6F78A30-9FF6-44D2-8307-13DE351E1126}.Debug|Any CPU.Build.0 = Debug|Any CPU
		{D6F78A30-9FF6-44D2-8307-13DE351E1126}.Release|Any CPU.ActiveCfg = Release|Any CPU
		{D6F78A30-9FF6-44D2-8307-13DE351E1126}.Release|Any CPU.Build.0 = Release|Any CPU
		{E98126B2-AF17-4783-96B9-856D6744DCA3}.Debug|Any CPU.ActiveCfg = Debug|Any CPU
		{E98126B2-AF17-4783-96B9-856D6744DCA3}.Debug|Any CPU.Build.0 = Debug|Any CPU
		{E98126B2-AF17-4783-96B9-856D6744DCA3}.Release|Any CPU.ActiveCfg = Release|Any CPU
		{E98126B2-AF17-4783-96B9-856D6744DCA3}.Release|Any CPU.Build.0 = Release|Any CPU
		{41E1CFDE-BFA0-4274-9267-B129B46BC312}.Debug|Any CPU.ActiveCfg = Debug|Any CPU
		{41E1CFDE-BFA0-4274-9267-B129B46BC312}.Debug|Any CPU.Build.0 = Debug|Any CPU
		{41E1CFDE-BFA0-4274-9267-B129B46BC312}.Release|Any CPU.ActiveCfg = Release|Any CPU
		{41E1CFDE-BFA0-4274-9267-B129B46BC312}.Release|Any CPU.Build.0 = Release|Any CPU
		{B93092FC-CB78-4F95-A9DE-A94E1464EC39}.Debug|Any CPU.ActiveCfg = Debug|Any CPU
		{B93092FC-CB78-4F95-A9DE-A94E1464EC39}.Debug|Any CPU.Build.0 = Debug|Any CPU
		{B93092FC-CB78-4F95-A9DE-A94E1464EC39}.Release|Any CPU.ActiveCfg = Release|Any CPU
		{B93092FC-CB78-4F95-A9DE-A94E1464EC39}.Release|Any CPU.Build.0 = Release|Any CPU
	EndGlobalSection
	GlobalSection(SolutionProperties) = preSolution
		HideSolutionNode = FALSE
	EndGlobalSection
	GlobalSection(NestedProjects) = preSolution
		{41E1CFDE-BFA0-4274-9267-B129B46BC312} = {8CD3AB5B-57A4-4370-8E3B-3D7A31FD4049}
		{B93092FC-CB78-4F95-A9DE-A94E1464EC39} = {8CD3AB5B-57A4-4370-8E3B-3D7A31FD4049}
	EndGlobalSection
	GlobalSection(ExtensibilityGlobals) = postSolution
		SolutionGuid = {6477FF48-E0DC-409B-A459-AE4CD78C12AD}
	EndGlobalSection
EndGlobal
