
Microsoft Visual Studio Solution File, Format Version 12.00
# Visual Studio Version 16
VisualStudioVersion = 16.0.30804.86
MinimumVisualStudioVersion = 10.0.40219.1
Project("{FAE04EC0-301F-11D3-BF4B-00C04F79EFBC}") = "CTDDJYDS.Database.Common", "CTDDJYDS.DatabaseCommon\CTDDJYDS.Database.Common.csproj", "{D6F78A30-9FF6-44D2-8307-13DE351E1126}"
EndProject
Project("{FAE04EC0-301F-11D3-BF4B-00C04F79EFBC}") = "ThoughtWorks.QRCode", "ThoughtWorks.QRCode\ThoughtWorks.QRCode.csproj", "{E98126B2-AF17-4783-96B9-856D6744DCA3}"
EndProject
Project("{2150E333-8FDC-42A3-9474-1A3956D46DE8}") = "Test", "Test", "{8CD3AB5B-57A4-4370-8E3B-3D7A31FD4049}"
EndProject
Project("{FAE04EC0-301F-11D3-BF4B-00C04F79EFBC}") = "QRCodeSampleApp", "CommonShareTest\QRCodeSampleApp\QRCodeSampleApp.csproj", "{41E1CFDE-BFA0-4274-9267-B129B46BC312}"
EndProject
Project("{FAE04EC0-301F-11D3-BF4B-00C04F79EFBC}") = "ZedGraph", "ZedGraph\ZedGraph.csproj", "{F60D48BD-53CA-4CB8-9F94-A981928B0A40}"
EndProject
Project("{FAE04EC0-301F-11D3-BF4B-00C04F79EFBC}") = "CTDDJYDS.MetroChart", "ctddjyds.MetroChart\CTDDJYDS.MetroChart.csproj", "{FA286411-E476-4BD0-ABE9-7AE69226069C}"
EndProject
Project("{FAE04EC0-301F-11D3-BF4B-00C04F79EFBC}") = "ctddjyds.TestApplication", "CommonShareTest\ctddjyds.TestApplication\ctddjyds.TestApplication.csproj", "{ADC26515-57B3-4232-80E4-DEC6F28856C5}"
EndProject
Project("{FAE04EC0-301F-11D3-BF4B-00C04F79EFBC}") = "CTDDJYDS.CommonModule", "CTDDJYDS.CommonModule\CTDDJYDS.CommonModule.csproj", "{785B5C3A-84FE-446D-8F55-3ED0974B8A13}"
EndProject
Project("{FAE04EC0-301F-11D3-BF4B-00C04F79EFBC}") = "FastReflectionLib", "FastReflection\FastReflectionLib.csproj", "{CB5CDFC1-C46C-413E-A12F-94464BAFB4C6}"
EndProject
Project("{FAE04EC0-301F-11D3-BF4B-00C04F79EFBC}") = "CTDDJYDS.SocketModule", "CTDDJYDS.SocketModule\CTDDJYDS.SocketModule.csproj", "{1B480D43-B27D-4163-B463-D75AE325BE1D}"
EndProject
Project("{FAE04EC0-301F-11D3-BF4B-00C04F79EFBC}") = "WpfOpenCV", "CommonShareTest\WpfOpenCV-master\WpfOpenCV.csproj", "{530FE9F7-A834-4780-8799-B096007BF7C0}"
EndProject
Project("{FAE04EC0-301F-11D3-BF4B-00C04F79EFBC}") = "TaskSchedulerManager", "CTDDJYDS.QuartzJob\TaskSchedulerManager.csproj", "{39DA4EB6-4EFF-495F-A0AA-E19B1EF9130F}"
EndProject
Project("{FAE04EC0-301F-11D3-BF4B-00C04F79EFBC}") = "CTDDJYDS.Common.UI", "CTDDJYDS.Common.UI\CTDDJYDS.Common.UI.csproj", "{E29CE74E-E536-47AB-A6F4-77D091417D5A}"
EndProject
Project("{FAE04EC0-301F-11D3-BF4B-00C04F79EFBC}") = "CTDDJYDS.LeetCode", "CTDDJYDS.LeetCode\CTDDJYDS.LeetCode.csproj", "{98A87082-D2BC-44CC-ACFD-AF38D3DE98DA}"
EndProject
Project("{FAE04EC0-301F-11D3-BF4B-00C04F79EFBC}") = "DemoSharpMap", "CommonShareTest\DemoSharpMap\DemoSharpMap.csproj", "{4154CAD9-93E5-437A-AE93-CF8AA44DBDFE}"
EndProject
Project("{FAE04EC0-301F-11D3-BF4B-00C04F79EFBC}") = "MQ.Client", "MQ.Client\MQ.Client.csproj", "{BAB37F38-9F0B-4B43-BB4E-CA21A9E1CC2B}"
EndProject
Project("{FAE04EC0-301F-11D3-BF4B-00C04F79EFBC}") = "DemoRabbitMQ", "CommonShareTest\DemoFactory\DemoRabbitMQ.csproj", "{1230538D-4038-4192-8120-9BCE3EBECC9D}"
EndProject
Project("{FAE04EC0-301F-11D3-BF4B-00C04F79EFBC}") = "ConsoleSubscribe", "CommonShareTest\ConsoleSubscribe\ConsoleSubscribe.csproj", "{CF20AFE9-A828-4081-83BB-DC5DDDA145A2}"
EndProject
Project("{FAE04EC0-301F-11D3-BF4B-00C04F79EFBC}") = "Net.DotNettySockets", "Net.DotNettySockets\Net.DotNettySockets.csproj", "{803217F5-FBDF-4259-886E-506249D7AFAC}"
EndProject
Project("{FAE04EC0-301F-11D3-BF4B-00C04F79EFBC}") = "SocketApp", "CommonShareTest\SocketsApp\SocketApp.csproj", "{B93092FC-CB78-4F95-A9DE-A94E1464EC39}"
EndProject
Project("{FAE04EC0-301F-11D3-BF4B-00C04F79EFBC}") = "Test.MQ", "CommonShareTest\Test.MQ\Test.MQ.csproj", "{A806A195-C15B-432F-8593-80E9C887D6B4}"
EndProject
Project("{FAE04EC0-301F-11D3-BF4B-00C04F79EFBC}") = "DapperApp", "CommonShareTest\DapperApp\DapperApp.csproj", "{91D36BD4-075D-4831-B747-91116D49301F}"
EndProject
Project("{FAE04EC0-301F-11D3-BF4B-00C04F79EFBC}") = "DB.Repository", "DB.Repository\DB.Repository.csproj", "{CB6CF7A9-9A2E-41A3-849F-8810C20CCEB9}"
EndProject
Project("{FAE04EC0-301F-11D3-BF4B-00C04F79EFBC}") = "HMIControl", "HMIControl\HMIControl.csproj", "{F9F0BFA7-0C4A-4C8C-B81C-2A0477CBF637}"
EndProject
Project("{9A19103F-16F7-4668-BE54-9A1E7A4F7556}") = "WpfApp1", "CommonShareTest\WpfApp1\WpfApp1.csproj", "{CA2A9D41-02AD-473F-8842-70257B0EFFE9}"
EndProject
Project("{FAE04EC0-301F-11D3-BF4B-00C04F79EFBC}") = "Net.SignalRs", "Net.SignalRs\Net.SignalRs.csproj", "{AD1FF8B4-6658-47E2-80C1-D65AE2B0C9F4}"
EndProject
Project("{FAE04EC0-301F-11D3-BF4B-00C04F79EFBC}") = "Demo.SignalR", "Demo.SignalR\Demo.SignalR.csproj", "{E797AC64-3D3D-4F38-999D-17125E8DC2A6}"
EndProject
Project("{FAE04EC0-301F-11D3-BF4B-00C04F79EFBC}") = "Redis.Test", "CommonShareTest\Redis.Test\Redis.Test.csproj", "{E60C1FE2-0253-4B04-AA70-65BE8CC91C1B}"
EndProject
Global
	GlobalSection(SolutionConfigurationPlatforms) = preSolution
		Debug|Any CPU = Debug|Any CPU
		Debug|x86 = Debug|x86
		Release|Any CPU = Release|Any CPU
		Release|x86 = Release|x86
		Silverlight|Any CPU = Silverlight|Any CPU
		Silverlight|x86 = Silverlight|x86
		WPF|Any CPU = WPF|Any CPU
		WPF|x86 = WPF|x86
	EndGlobalSection
	GlobalSection(ProjectConfigurationPlatforms) = postSolution
		{D6F78A30-9FF6-44D2-8307-13DE351E1126}.Debug|Any CPU.ActiveCfg = Debug|Any CPU
		{D6F78A30-9FF6-44D2-8307-13DE351E1126}.Debug|Any CPU.Build.0 = Debug|Any CPU
		{D6F78A30-9FF6-44D2-8307-13DE351E1126}.Debug|x86.ActiveCfg = Debug|Any CPU
		{D6F78A30-9FF6-44D2-8307-13DE351E1126}.Debug|x86.Build.0 = Debug|Any CPU
		{D6F78A30-9FF6-44D2-8307-13DE351E1126}.Release|Any CPU.ActiveCfg = Release|Any CPU
		{D6F78A30-9FF6-44D2-8307-13DE351E1126}.Release|Any CPU.Build.0 = Release|Any CPU
		{D6F78A30-9FF6-44D2-8307-13DE351E1126}.Release|x86.ActiveCfg = Release|Any CPU
		{D6F78A30-9FF6-44D2-8307-13DE351E1126}.Release|x86.Build.0 = Release|Any CPU
		{D6F78A30-9FF6-44D2-8307-13DE351E1126}.Silverlight|Any CPU.ActiveCfg = Release|Any CPU
		{D6F78A30-9FF6-44D2-8307-13DE351E1126}.Silverlight|Any CPU.Build.0 = Release|Any CPU
		{D6F78A30-9FF6-44D2-8307-13DE351E1126}.Silverlight|x86.ActiveCfg = Release|Any CPU
		{D6F78A30-9FF6-44D2-8307-13DE351E1126}.Silverlight|x86.Build.0 = Release|Any CPU
		{D6F78A30-9FF6-44D2-8307-13DE351E1126}.WPF|Any CPU.ActiveCfg = Release|Any CPU
		{D6F78A30-9FF6-44D2-8307-13DE351E1126}.WPF|Any CPU.Build.0 = Release|Any CPU
		{D6F78A30-9FF6-44D2-8307-13DE351E1126}.WPF|x86.ActiveCfg = Release|Any CPU
		{D6F78A30-9FF6-44D2-8307-13DE351E1126}.WPF|x86.Build.0 = Release|Any CPU
		{E98126B2-AF17-4783-96B9-856D6744DCA3}.Debug|Any CPU.ActiveCfg = Debug|Any CPU
		{E98126B2-AF17-4783-96B9-856D6744DCA3}.Debug|Any CPU.Build.0 = Debug|Any CPU
		{E98126B2-AF17-4783-96B9-856D6744DCA3}.Debug|x86.ActiveCfg = Debug|Any CPU
		{E98126B2-AF17-4783-96B9-856D6744DCA3}.Debug|x86.Build.0 = Debug|Any CPU
		{E98126B2-AF17-4783-96B9-856D6744DCA3}.Release|Any CPU.ActiveCfg = Release|Any CPU
		{E98126B2-AF17-4783-96B9-856D6744DCA3}.Release|Any CPU.Build.0 = Release|Any CPU
		{E98126B2-AF17-4783-96B9-856D6744DCA3}.Release|x86.ActiveCfg = Release|Any CPU
		{E98126B2-AF17-4783-96B9-856D6744DCA3}.Release|x86.Build.0 = Release|Any CPU
		{E98126B2-AF17-4783-96B9-856D6744DCA3}.Silverlight|Any CPU.ActiveCfg = Release|Any CPU
		{E98126B2-AF17-4783-96B9-856D6744DCA3}.Silverlight|Any CPU.Build.0 = Release|Any CPU
		{E98126B2-AF17-4783-96B9-856D6744DCA3}.Silverlight|x86.ActiveCfg = Release|Any CPU
		{E98126B2-AF17-4783-96B9-856D6744DCA3}.Silverlight|x86.Build.0 = Release|Any CPU
		{E98126B2-AF17-4783-96B9-856D6744DCA3}.WPF|Any CPU.ActiveCfg = Release|Any CPU
		{E98126B2-AF17-4783-96B9-856D6744DCA3}.WPF|Any CPU.Build.0 = Release|Any CPU
		{E98126B2-AF17-4783-96B9-856D6744DCA3}.WPF|x86.ActiveCfg = Release|Any CPU
		{E98126B2-AF17-4783-96B9-856D6744DCA3}.WPF|x86.Build.0 = Release|Any CPU
		{41E1CFDE-BFA0-4274-9267-B129B46BC312}.Debug|Any CPU.ActiveCfg = Debug|Any CPU
		{41E1CFDE-BFA0-4274-9267-B129B46BC312}.Debug|Any CPU.Build.0 = Debug|Any CPU
		{41E1CFDE-BFA0-4274-9267-B129B46BC312}.Debug|x86.ActiveCfg = Debug|Any CPU
		{41E1CFDE-BFA0-4274-9267-B129B46BC312}.Debug|x86.Build.0 = Debug|Any CPU
		{41E1CFDE-BFA0-4274-9267-B129B46BC312}.Release|Any CPU.ActiveCfg = Release|Any CPU
		{41E1CFDE-BFA0-4274-9267-B129B46BC312}.Release|Any CPU.Build.0 = Release|Any CPU
		{41E1CFDE-BFA0-4274-9267-B129B46BC312}.Release|x86.ActiveCfg = Release|Any CPU
		{41E1CFDE-BFA0-4274-9267-B129B46BC312}.Release|x86.Build.0 = Release|Any CPU
		{41E1CFDE-BFA0-4274-9267-B129B46BC312}.Silverlight|Any CPU.ActiveCfg = Release|Any CPU
		{41E1CFDE-BFA0-4274-9267-B129B46BC312}.Silverlight|Any CPU.Build.0 = Release|Any CPU
		{41E1CFDE-BFA0-4274-9267-B129B46BC312}.Silverlight|x86.ActiveCfg = Release|Any CPU
		{41E1CFDE-BFA0-4274-9267-B129B46BC312}.Silverlight|x86.Build.0 = Release|Any CPU
		{41E1CFDE-BFA0-4274-9267-B129B46BC312}.WPF|Any CPU.ActiveCfg = Release|Any CPU
		{41E1CFDE-BFA0-4274-9267-B129B46BC312}.WPF|Any CPU.Build.0 = Release|Any CPU
		{41E1CFDE-BFA0-4274-9267-B129B46BC312}.WPF|x86.ActiveCfg = Release|Any CPU
		{41E1CFDE-BFA0-4274-9267-B129B46BC312}.WPF|x86.Build.0 = Release|Any CPU
		{F60D48BD-53CA-4CB8-9F94-A981928B0A40}.Debug|Any CPU.ActiveCfg = Debug|Any CPU
		{F60D48BD-53CA-4CB8-9F94-A981928B0A40}.Debug|Any CPU.Build.0 = Debug|Any CPU
		{F60D48BD-53CA-4CB8-9F94-A981928B0A40}.Debug|x86.ActiveCfg = Debug|Any CPU
		{F60D48BD-53CA-4CB8-9F94-A981928B0A40}.Debug|x86.Build.0 = Debug|Any CPU
		{F60D48BD-53CA-4CB8-9F94-A981928B0A40}.Release|Any CPU.ActiveCfg = Release|Any CPU
		{F60D48BD-53CA-4CB8-9F94-A981928B0A40}.Release|Any CPU.Build.0 = Release|Any CPU
		{F60D48BD-53CA-4CB8-9F94-A981928B0A40}.Release|x86.ActiveCfg = Release|Any CPU
		{F60D48BD-53CA-4CB8-9F94-A981928B0A40}.Release|x86.Build.0 = Release|Any CPU
		{F60D48BD-53CA-4CB8-9F94-A981928B0A40}.Silverlight|Any CPU.ActiveCfg = Release|Any CPU
		{F60D48BD-53CA-4CB8-9F94-A981928B0A40}.Silverlight|Any CPU.Build.0 = Release|Any CPU
		{F60D48BD-53CA-4CB8-9F94-A981928B0A40}.Silverlight|x86.ActiveCfg = Release|Any CPU
		{F60D48BD-53CA-4CB8-9F94-A981928B0A40}.Silverlight|x86.Build.0 = Release|Any CPU
		{F60D48BD-53CA-4CB8-9F94-A981928B0A40}.WPF|Any CPU.ActiveCfg = Release|Any CPU
		{F60D48BD-53CA-4CB8-9F94-A981928B0A40}.WPF|Any CPU.Build.0 = Release|Any CPU
		{F60D48BD-53CA-4CB8-9F94-A981928B0A40}.WPF|x86.ActiveCfg = Release|Any CPU
		{F60D48BD-53CA-4CB8-9F94-A981928B0A40}.WPF|x86.Build.0 = Release|Any CPU
		{FA286411-E476-4BD0-ABE9-7AE69226069C}.Debug|Any CPU.ActiveCfg = Debug|Any CPU
		{FA286411-E476-4BD0-ABE9-7AE69226069C}.Debug|Any CPU.Build.0 = Debug|Any CPU
		{FA286411-E476-4BD0-ABE9-7AE69226069C}.Debug|x86.ActiveCfg = Debug|Any CPU
		{FA286411-E476-4BD0-ABE9-7AE69226069C}.Debug|x86.Build.0 = Debug|Any CPU
		{FA286411-E476-4BD0-ABE9-7AE69226069C}.Release|Any CPU.ActiveCfg = Release|Any CPU
		{FA286411-E476-4BD0-ABE9-7AE69226069C}.Release|Any CPU.Build.0 = Release|Any CPU
		{FA286411-E476-4BD0-ABE9-7AE69226069C}.Release|x86.ActiveCfg = Release|Any CPU
		{FA286411-E476-4BD0-ABE9-7AE69226069C}.Release|x86.Build.0 = Release|Any CPU
		{FA286411-E476-4BD0-ABE9-7AE69226069C}.Silverlight|Any CPU.ActiveCfg = Release|Any CPU
		{FA286411-E476-4BD0-ABE9-7AE69226069C}.Silverlight|Any CPU.Build.0 = Release|Any CPU
		{FA286411-E476-4BD0-ABE9-7AE69226069C}.Silverlight|x86.ActiveCfg = Release|Any CPU
		{FA286411-E476-4BD0-ABE9-7AE69226069C}.Silverlight|x86.Build.0 = Release|Any CPU
		{FA286411-E476-4BD0-ABE9-7AE69226069C}.WPF|Any CPU.ActiveCfg = Release|Any CPU
		{FA286411-E476-4BD0-ABE9-7AE69226069C}.WPF|Any CPU.Build.0 = Release|Any CPU
		{FA286411-E476-4BD0-ABE9-7AE69226069C}.WPF|x86.ActiveCfg = Release|Any CPU
		{FA286411-E476-4BD0-ABE9-7AE69226069C}.WPF|x86.Build.0 = Release|Any CPU
		{ADC26515-57B3-4232-80E4-DEC6F28856C5}.Debug|Any CPU.ActiveCfg = Debug|Any CPU
		{ADC26515-57B3-4232-80E4-DEC6F28856C5}.Debug|Any CPU.Build.0 = Debug|Any CPU
		{ADC26515-57B3-4232-80E4-DEC6F28856C5}.Debug|x86.ActiveCfg = Debug|Any CPU
		{ADC26515-57B3-4232-80E4-DEC6F28856C5}.Debug|x86.Build.0 = Debug|Any CPU
		{ADC26515-57B3-4232-80E4-DEC6F28856C5}.Release|Any CPU.ActiveCfg = Release|Any CPU
		{ADC26515-57B3-4232-80E4-DEC6F28856C5}.Release|Any CPU.Build.0 = Release|Any CPU
		{ADC26515-57B3-4232-80E4-DEC6F28856C5}.Release|x86.ActiveCfg = Release|Any CPU
		{ADC26515-57B3-4232-80E4-DEC6F28856C5}.Release|x86.Build.0 = Release|Any CPU
		{ADC26515-57B3-4232-80E4-DEC6F28856C5}.Silverlight|Any CPU.ActiveCfg = Release|Any CPU
		{ADC26515-57B3-4232-80E4-DEC6F28856C5}.Silverlight|Any CPU.Build.0 = Release|Any CPU
		{ADC26515-57B3-4232-80E4-DEC6F28856C5}.Silverlight|x86.ActiveCfg = Release|Any CPU
		{ADC26515-57B3-4232-80E4-DEC6F28856C5}.Silverlight|x86.Build.0 = Release|Any CPU
		{ADC26515-57B3-4232-80E4-DEC6F28856C5}.WPF|Any CPU.ActiveCfg = Release|Any CPU
		{ADC26515-57B3-4232-80E4-DEC6F28856C5}.WPF|Any CPU.Build.0 = Release|Any CPU
		{ADC26515-57B3-4232-80E4-DEC6F28856C5}.WPF|x86.ActiveCfg = Release|Any CPU
		{ADC26515-57B3-4232-80E4-DEC6F28856C5}.WPF|x86.Build.0 = Release|Any CPU
		{785B5C3A-84FE-446D-8F55-3ED0974B8A13}.Debug|Any CPU.ActiveCfg = Debug|Any CPU
		{785B5C3A-84FE-446D-8F55-3ED0974B8A13}.Debug|Any CPU.Build.0 = Debug|Any CPU
		{785B5C3A-84FE-446D-8F55-3ED0974B8A13}.Debug|x86.ActiveCfg = Debug|Any CPU
		{785B5C3A-84FE-446D-8F55-3ED0974B8A13}.Debug|x86.Build.0 = Debug|Any CPU
		{785B5C3A-84FE-446D-8F55-3ED0974B8A13}.Release|Any CPU.ActiveCfg = Release|Any CPU
		{785B5C3A-84FE-446D-8F55-3ED0974B8A13}.Release|Any CPU.Build.0 = Release|Any CPU
		{785B5C3A-84FE-446D-8F55-3ED0974B8A13}.Release|x86.ActiveCfg = Release|Any CPU
		{785B5C3A-84FE-446D-8F55-3ED0974B8A13}.Release|x86.Build.0 = Release|Any CPU
		{785B5C3A-84FE-446D-8F55-3ED0974B8A13}.Silverlight|Any CPU.ActiveCfg = Release|Any CPU
		{785B5C3A-84FE-446D-8F55-3ED0974B8A13}.Silverlight|Any CPU.Build.0 = Release|Any CPU
		{785B5C3A-84FE-446D-8F55-3ED0974B8A13}.Silverlight|x86.ActiveCfg = Release|Any CPU
		{785B5C3A-84FE-446D-8F55-3ED0974B8A13}.Silverlight|x86.Build.0 = Release|Any CPU
		{785B5C3A-84FE-446D-8F55-3ED0974B8A13}.WPF|Any CPU.ActiveCfg = Release|Any CPU
		{785B5C3A-84FE-446D-8F55-3ED0974B8A13}.WPF|Any CPU.Build.0 = Release|Any CPU
		{785B5C3A-84FE-446D-8F55-3ED0974B8A13}.WPF|x86.ActiveCfg = Release|Any CPU
		{785B5C3A-84FE-446D-8F55-3ED0974B8A13}.WPF|x86.Build.0 = Release|Any CPU
		{CB5CDFC1-C46C-413E-A12F-94464BAFB4C6}.Debug|Any CPU.ActiveCfg = Debug|Any CPU
		{CB5CDFC1-C46C-413E-A12F-94464BAFB4C6}.Debug|Any CPU.Build.0 = Debug|Any CPU
		{CB5CDFC1-C46C-413E-A12F-94464BAFB4C6}.Debug|x86.ActiveCfg = Debug|Any CPU
		{CB5CDFC1-C46C-413E-A12F-94464BAFB4C6}.Debug|x86.Build.0 = Debug|Any CPU
		{CB5CDFC1-C46C-413E-A12F-94464BAFB4C6}.Release|Any CPU.ActiveCfg = Release|Any CPU
		{CB5CDFC1-C46C-413E-A12F-94464BAFB4C6}.Release|Any CPU.Build.0 = Release|Any CPU
		{CB5CDFC1-C46C-413E-A12F-94464BAFB4C6}.Release|x86.ActiveCfg = Release|Any CPU
		{CB5CDFC1-C46C-413E-A12F-94464BAFB4C6}.Release|x86.Build.0 = Release|Any CPU
		{CB5CDFC1-C46C-413E-A12F-94464BAFB4C6}.Silverlight|Any CPU.ActiveCfg = Release|Any CPU
		{CB5CDFC1-C46C-413E-A12F-94464BAFB4C6}.Silverlight|Any CPU.Build.0 = Release|Any CPU
		{CB5CDFC1-C46C-413E-A12F-94464BAFB4C6}.Silverlight|x86.ActiveCfg = Release|Any CPU
		{CB5CDFC1-C46C-413E-A12F-94464BAFB4C6}.Silverlight|x86.Build.0 = Release|Any CPU
		{CB5CDFC1-C46C-413E-A12F-94464BAFB4C6}.WPF|Any CPU.ActiveCfg = Release|Any CPU
		{CB5CDFC1-C46C-413E-A12F-94464BAFB4C6}.WPF|Any CPU.Build.0 = Release|Any CPU
		{CB5CDFC1-C46C-413E-A12F-94464BAFB4C6}.WPF|x86.ActiveCfg = Release|Any CPU
		{CB5CDFC1-C46C-413E-A12F-94464BAFB4C6}.WPF|x86.Build.0 = Release|Any CPU
		{1B480D43-B27D-4163-B463-D75AE325BE1D}.Debug|Any CPU.ActiveCfg = Debug|Any CPU
		{1B480D43-B27D-4163-B463-D75AE325BE1D}.Debug|Any CPU.Build.0 = Debug|Any CPU
		{1B480D43-B27D-4163-B463-D75AE325BE1D}.Debug|x86.ActiveCfg = Debug|Any CPU
		{1B480D43-B27D-4163-B463-D75AE325BE1D}.Debug|x86.Build.0 = Debug|Any CPU
		{1B480D43-B27D-4163-B463-D75AE325BE1D}.Release|Any CPU.ActiveCfg = Release|Any CPU
		{1B480D43-B27D-4163-B463-D75AE325BE1D}.Release|Any CPU.Build.0 = Release|Any CPU
		{1B480D43-B27D-4163-B463-D75AE325BE1D}.Release|x86.ActiveCfg = Release|Any CPU
		{1B480D43-B27D-4163-B463-D75AE325BE1D}.Release|x86.Build.0 = Release|Any CPU
		{1B480D43-B27D-4163-B463-D75AE325BE1D}.Silverlight|Any CPU.ActiveCfg = Release|Any CPU
		{1B480D43-B27D-4163-B463-D75AE325BE1D}.Silverlight|Any CPU.Build.0 = Release|Any CPU
		{1B480D43-B27D-4163-B463-D75AE325BE1D}.Silverlight|x86.ActiveCfg = Release|Any CPU
		{1B480D43-B27D-4163-B463-D75AE325BE1D}.Silverlight|x86.Build.0 = Release|Any CPU
		{1B480D43-B27D-4163-B463-D75AE325BE1D}.WPF|Any CPU.ActiveCfg = Release|Any CPU
		{1B480D43-B27D-4163-B463-D75AE325BE1D}.WPF|Any CPU.Build.0 = Release|Any CPU
		{1B480D43-B27D-4163-B463-D75AE325BE1D}.WPF|x86.ActiveCfg = Release|Any CPU
		{1B480D43-B27D-4163-B463-D75AE325BE1D}.WPF|x86.Build.0 = Release|Any CPU
		{530FE9F7-A834-4780-8799-B096007BF7C0}.Debug|Any CPU.ActiveCfg = Debug|Any CPU
		{530FE9F7-A834-4780-8799-B096007BF7C0}.Debug|Any CPU.Build.0 = Debug|Any CPU
		{530FE9F7-A834-4780-8799-B096007BF7C0}.Debug|x86.ActiveCfg = Debug|Any CPU
		{530FE9F7-A834-4780-8799-B096007BF7C0}.Debug|x86.Build.0 = Debug|Any CPU
		{530FE9F7-A834-4780-8799-B096007BF7C0}.Release|Any CPU.ActiveCfg = Release|Any CPU
		{530FE9F7-A834-4780-8799-B096007BF7C0}.Release|Any CPU.Build.0 = Release|Any CPU
		{530FE9F7-A834-4780-8799-B096007BF7C0}.Release|x86.ActiveCfg = Release|Any CPU
		{530FE9F7-A834-4780-8799-B096007BF7C0}.Release|x86.Build.0 = Release|Any CPU
		{530FE9F7-A834-4780-8799-B096007BF7C0}.Silverlight|Any CPU.ActiveCfg = Release|Any CPU
		{530FE9F7-A834-4780-8799-B096007BF7C0}.Silverlight|Any CPU.Build.0 = Release|Any CPU
		{530FE9F7-A834-4780-8799-B096007BF7C0}.Silverlight|x86.ActiveCfg = Release|Any CPU
		{530FE9F7-A834-4780-8799-B096007BF7C0}.Silverlight|x86.Build.0 = Release|Any CPU
		{530FE9F7-A834-4780-8799-B096007BF7C0}.WPF|Any CPU.ActiveCfg = Release|Any CPU
		{530FE9F7-A834-4780-8799-B096007BF7C0}.WPF|Any CPU.Build.0 = Release|Any CPU
		{530FE9F7-A834-4780-8799-B096007BF7C0}.WPF|x86.ActiveCfg = Release|Any CPU
		{530FE9F7-A834-4780-8799-B096007BF7C0}.WPF|x86.Build.0 = Release|Any CPU
		{39DA4EB6-4EFF-495F-A0AA-E19B1EF9130F}.Debug|Any CPU.ActiveCfg = Debug|Any CPU
		{39DA4EB6-4EFF-495F-A0AA-E19B1EF9130F}.Debug|Any CPU.Build.0 = Debug|Any CPU
		{39DA4EB6-4EFF-495F-A0AA-E19B1EF9130F}.Debug|x86.ActiveCfg = Debug|Any CPU
		{39DA4EB6-4EFF-495F-A0AA-E19B1EF9130F}.Debug|x86.Build.0 = Debug|Any CPU
		{39DA4EB6-4EFF-495F-A0AA-E19B1EF9130F}.Release|Any CPU.ActiveCfg = Release|Any CPU
		{39DA4EB6-4EFF-495F-A0AA-E19B1EF9130F}.Release|Any CPU.Build.0 = Release|Any CPU
		{39DA4EB6-4EFF-495F-A0AA-E19B1EF9130F}.Release|x86.ActiveCfg = Release|Any CPU
		{39DA4EB6-4EFF-495F-A0AA-E19B1EF9130F}.Release|x86.Build.0 = Release|Any CPU
		{39DA4EB6-4EFF-495F-A0AA-E19B1EF9130F}.Silverlight|Any CPU.ActiveCfg = Release|Any CPU
		{39DA4EB6-4EFF-495F-A0AA-E19B1EF9130F}.Silverlight|Any CPU.Build.0 = Release|Any CPU
		{39DA4EB6-4EFF-495F-A0AA-E19B1EF9130F}.Silverlight|x86.ActiveCfg = Release|Any CPU
		{39DA4EB6-4EFF-495F-A0AA-E19B1EF9130F}.Silverlight|x86.Build.0 = Release|Any CPU
		{39DA4EB6-4EFF-495F-A0AA-E19B1EF9130F}.WPF|Any CPU.ActiveCfg = Release|Any CPU
		{39DA4EB6-4EFF-495F-A0AA-E19B1EF9130F}.WPF|Any CPU.Build.0 = Release|Any CPU
		{39DA4EB6-4EFF-495F-A0AA-E19B1EF9130F}.WPF|x86.ActiveCfg = Release|Any CPU
		{39DA4EB6-4EFF-495F-A0AA-E19B1EF9130F}.WPF|x86.Build.0 = Release|Any CPU
		{E29CE74E-E536-47AB-A6F4-77D091417D5A}.Debug|Any CPU.ActiveCfg = Debug|Any CPU
		{E29CE74E-E536-47AB-A6F4-77D091417D5A}.Debug|Any CPU.Build.0 = Debug|Any CPU
		{E29CE74E-E536-47AB-A6F4-77D091417D5A}.Debug|x86.ActiveCfg = Debug|Any CPU
		{E29CE74E-E536-47AB-A6F4-77D091417D5A}.Debug|x86.Build.0 = Debug|Any CPU
		{E29CE74E-E536-47AB-A6F4-77D091417D5A}.Release|Any CPU.ActiveCfg = Release|Any CPU
		{E29CE74E-E536-47AB-A6F4-77D091417D5A}.Release|Any CPU.Build.0 = Release|Any CPU
		{E29CE74E-E536-47AB-A6F4-77D091417D5A}.Release|x86.ActiveCfg = Release|Any CPU
		{E29CE74E-E536-47AB-A6F4-77D091417D5A}.Release|x86.Build.0 = Release|Any CPU
		{E29CE74E-E536-47AB-A6F4-77D091417D5A}.Silverlight|Any CPU.ActiveCfg = Release|Any CPU
		{E29CE74E-E536-47AB-A6F4-77D091417D5A}.Silverlight|Any CPU.Build.0 = Release|Any CPU
		{E29CE74E-E536-47AB-A6F4-77D091417D5A}.Silverlight|x86.ActiveCfg = Release|Any CPU
		{E29CE74E-E536-47AB-A6F4-77D091417D5A}.Silverlight|x86.Build.0 = Release|Any CPU
		{E29CE74E-E536-47AB-A6F4-77D091417D5A}.WPF|Any CPU.ActiveCfg = Release|Any CPU
		{E29CE74E-E536-47AB-A6F4-77D091417D5A}.WPF|Any CPU.Build.0 = Release|Any CPU
		{E29CE74E-E536-47AB-A6F4-77D091417D5A}.WPF|x86.ActiveCfg = Release|Any CPU
		{E29CE74E-E536-47AB-A6F4-77D091417D5A}.WPF|x86.Build.0 = Release|Any CPU
		{98A87082-D2BC-44CC-ACFD-AF38D3DE98DA}.Debug|Any CPU.ActiveCfg = Debug|Any CPU
		{98A87082-D2BC-44CC-ACFD-AF38D3DE98DA}.Debug|Any CPU.Build.0 = Debug|Any CPU
		{98A87082-D2BC-44CC-ACFD-AF38D3DE98DA}.Debug|x86.ActiveCfg = Debug|Any CPU
		{98A87082-D2BC-44CC-ACFD-AF38D3DE98DA}.Debug|x86.Build.0 = Debug|Any CPU
		{98A87082-D2BC-44CC-ACFD-AF38D3DE98DA}.Release|Any CPU.ActiveCfg = Release|Any CPU
		{98A87082-D2BC-44CC-ACFD-AF38D3DE98DA}.Release|Any CPU.Build.0 = Release|Any CPU
		{98A87082-D2BC-44CC-ACFD-AF38D3DE98DA}.Release|x86.ActiveCfg = Release|Any CPU
		{98A87082-D2BC-44CC-ACFD-AF38D3DE98DA}.Release|x86.Build.0 = Release|Any CPU
		{98A87082-D2BC-44CC-ACFD-AF38D3DE98DA}.Silverlight|Any CPU.ActiveCfg = Release|Any CPU
		{98A87082-D2BC-44CC-ACFD-AF38D3DE98DA}.Silverlight|Any CPU.Build.0 = Release|Any CPU
		{98A87082-D2BC-44CC-ACFD-AF38D3DE98DA}.Silverlight|x86.ActiveCfg = Release|Any CPU
		{98A87082-D2BC-44CC-ACFD-AF38D3DE98DA}.Silverlight|x86.Build.0 = Release|Any CPU
		{98A87082-D2BC-44CC-ACFD-AF38D3DE98DA}.WPF|Any CPU.ActiveCfg = Release|Any CPU
		{98A87082-D2BC-44CC-ACFD-AF38D3DE98DA}.WPF|Any CPU.Build.0 = Release|Any CPU
		{98A87082-D2BC-44CC-ACFD-AF38D3DE98DA}.WPF|x86.ActiveCfg = Release|Any CPU
		{98A87082-D2BC-44CC-ACFD-AF38D3DE98DA}.WPF|x86.Build.0 = Release|Any CPU
		{4154CAD9-93E5-437A-AE93-CF8AA44DBDFE}.Debug|Any CPU.ActiveCfg = Debug|Any CPU
		{4154CAD9-93E5-437A-AE93-CF8AA44DBDFE}.Debug|Any CPU.Build.0 = Debug|Any CPU
		{4154CAD9-93E5-437A-AE93-CF8AA44DBDFE}.Debug|x86.ActiveCfg = Debug|x86
		{4154CAD9-93E5-437A-AE93-CF8AA44DBDFE}.Debug|x86.Build.0 = Debug|x86
		{4154CAD9-93E5-437A-AE93-CF8AA44DBDFE}.Release|Any CPU.ActiveCfg = Release|Any CPU
		{4154CAD9-93E5-437A-AE93-CF8AA44DBDFE}.Release|Any CPU.Build.0 = Release|Any CPU
		{4154CAD9-93E5-437A-AE93-CF8AA44DBDFE}.Release|x86.ActiveCfg = Release|x86
		{4154CAD9-93E5-437A-AE93-CF8AA44DBDFE}.Release|x86.Build.0 = Release|x86
		{4154CAD9-93E5-437A-AE93-CF8AA44DBDFE}.Silverlight|Any CPU.ActiveCfg = Release|Any CPU
		{4154CAD9-93E5-437A-AE93-CF8AA44DBDFE}.Silverlight|Any CPU.Build.0 = Release|Any CPU
		{4154CAD9-93E5-437A-AE93-CF8AA44DBDFE}.Silverlight|x86.ActiveCfg = Release|x86
		{4154CAD9-93E5-437A-AE93-CF8AA44DBDFE}.Silverlight|x86.Build.0 = Release|x86
		{4154CAD9-93E5-437A-AE93-CF8AA44DBDFE}.WPF|Any CPU.ActiveCfg = Release|Any CPU
		{4154CAD9-93E5-437A-AE93-CF8AA44DBDFE}.WPF|Any CPU.Build.0 = Release|Any CPU
		{4154CAD9-93E5-437A-AE93-CF8AA44DBDFE}.WPF|x86.ActiveCfg = Release|x86
		{4154CAD9-93E5-437A-AE93-CF8AA44DBDFE}.WPF|x86.Build.0 = Release|x86
		{BAB37F38-9F0B-4B43-BB4E-CA21A9E1CC2B}.Debug|Any CPU.ActiveCfg = Debug|Any CPU
		{BAB37F38-9F0B-4B43-BB4E-CA21A9E1CC2B}.Debug|Any CPU.Build.0 = Debug|Any CPU
		{BAB37F38-9F0B-4B43-BB4E-CA21A9E1CC2B}.Debug|x86.ActiveCfg = Debug|Any CPU
		{BAB37F38-9F0B-4B43-BB4E-CA21A9E1CC2B}.Debug|x86.Build.0 = Debug|Any CPU
		{BAB37F38-9F0B-4B43-BB4E-CA21A9E1CC2B}.Release|Any CPU.ActiveCfg = Release|Any CPU
		{BAB37F38-9F0B-4B43-BB4E-CA21A9E1CC2B}.Release|Any CPU.Build.0 = Release|Any CPU
		{BAB37F38-9F0B-4B43-BB4E-CA21A9E1CC2B}.Release|x86.ActiveCfg = Release|Any CPU
		{BAB37F38-9F0B-4B43-BB4E-CA21A9E1CC2B}.Release|x86.Build.0 = Release|Any CPU
		{BAB37F38-9F0B-4B43-BB4E-CA21A9E1CC2B}.Silverlight|Any CPU.ActiveCfg = Release|Any CPU
		{BAB37F38-9F0B-4B43-BB4E-CA21A9E1CC2B}.Silverlight|Any CPU.Build.0 = Release|Any CPU
		{BAB37F38-9F0B-4B43-BB4E-CA21A9E1CC2B}.Silverlight|x86.ActiveCfg = Release|Any CPU
		{BAB37F38-9F0B-4B43-BB4E-CA21A9E1CC2B}.Silverlight|x86.Build.0 = Release|Any CPU
		{BAB37F38-9F0B-4B43-BB4E-CA21A9E1CC2B}.WPF|Any CPU.ActiveCfg = Release|Any CPU
		{BAB37F38-9F0B-4B43-BB4E-CA21A9E1CC2B}.WPF|Any CPU.Build.0 = Release|Any CPU
		{BAB37F38-9F0B-4B43-BB4E-CA21A9E1CC2B}.WPF|x86.ActiveCfg = Release|Any CPU
		{BAB37F38-9F0B-4B43-BB4E-CA21A9E1CC2B}.WPF|x86.Build.0 = Release|Any CPU
		{1230538D-4038-4192-8120-9BCE3EBECC9D}.Debug|Any CPU.ActiveCfg = Debug|Any CPU
		{1230538D-4038-4192-8120-9BCE3EBECC9D}.Debug|Any CPU.Build.0 = Debug|Any CPU
		{1230538D-4038-4192-8120-9BCE3EBECC9D}.Debug|x86.ActiveCfg = Debug|Any CPU
		{1230538D-4038-4192-8120-9BCE3EBECC9D}.Debug|x86.Build.0 = Debug|Any CPU
		{1230538D-4038-4192-8120-9BCE3EBECC9D}.Release|Any CPU.ActiveCfg = Release|Any CPU
		{1230538D-4038-4192-8120-9BCE3EBECC9D}.Release|Any CPU.Build.0 = Release|Any CPU
		{1230538D-4038-4192-8120-9BCE3EBECC9D}.Release|x86.ActiveCfg = Release|Any CPU
		{1230538D-4038-4192-8120-9BCE3EBECC9D}.Release|x86.Build.0 = Release|Any CPU
		{1230538D-4038-4192-8120-9BCE3EBECC9D}.Silverlight|Any CPU.ActiveCfg = Release|Any CPU
		{1230538D-4038-4192-8120-9BCE3EBECC9D}.Silverlight|Any CPU.Build.0 = Release|Any CPU
		{1230538D-4038-4192-8120-9BCE3EBECC9D}.Silverlight|x86.ActiveCfg = Release|Any CPU
		{1230538D-4038-4192-8120-9BCE3EBECC9D}.Silverlight|x86.Build.0 = Release|Any CPU
		{1230538D-4038-4192-8120-9BCE3EBECC9D}.WPF|Any CPU.ActiveCfg = Release|Any CPU
		{1230538D-4038-4192-8120-9BCE3EBECC9D}.WPF|Any CPU.Build.0 = Release|Any CPU
		{1230538D-4038-4192-8120-9BCE3EBECC9D}.WPF|x86.ActiveCfg = Release|Any CPU
		{1230538D-4038-4192-8120-9BCE3EBECC9D}.WPF|x86.Build.0 = Release|Any CPU
		{CF20AFE9-A828-4081-83BB-DC5DDDA145A2}.Debug|Any CPU.ActiveCfg = Debug|Any CPU
		{CF20AFE9-A828-4081-83BB-DC5DDDA145A2}.Debug|Any CPU.Build.0 = Debug|Any CPU
		{CF20AFE9-A828-4081-83BB-DC5DDDA145A2}.Debug|x86.ActiveCfg = Debug|Any CPU
		{CF20AFE9-A828-4081-83BB-DC5DDDA145A2}.Debug|x86.Build.0 = Debug|Any CPU
		{CF20AFE9-A828-4081-83BB-DC5DDDA145A2}.Release|Any CPU.ActiveCfg = Release|Any CPU
		{CF20AFE9-A828-4081-83BB-DC5DDDA145A2}.Release|Any CPU.Build.0 = Release|Any CPU
		{CF20AFE9-A828-4081-83BB-DC5DDDA145A2}.Release|x86.ActiveCfg = Release|Any CPU
		{CF20AFE9-A828-4081-83BB-DC5DDDA145A2}.Release|x86.Build.0 = Release|Any CPU
		{CF20AFE9-A828-4081-83BB-DC5DDDA145A2}.Silverlight|Any CPU.ActiveCfg = Release|Any CPU
		{CF20AFE9-A828-4081-83BB-DC5DDDA145A2}.Silverlight|Any CPU.Build.0 = Release|Any CPU
		{CF20AFE9-A828-4081-83BB-DC5DDDA145A2}.Silverlight|x86.ActiveCfg = Release|Any CPU
		{CF20AFE9-A828-4081-83BB-DC5DDDA145A2}.Silverlight|x86.Build.0 = Release|Any CPU
		{CF20AFE9-A828-4081-83BB-DC5DDDA145A2}.WPF|Any CPU.ActiveCfg = Release|Any CPU
		{CF20AFE9-A828-4081-83BB-DC5DDDA145A2}.WPF|Any CPU.Build.0 = Release|Any CPU
		{CF20AFE9-A828-4081-83BB-DC5DDDA145A2}.WPF|x86.ActiveCfg = Release|Any CPU
		{CF20AFE9-A828-4081-83BB-DC5DDDA145A2}.WPF|x86.Build.0 = Release|Any CPU
		{803217F5-FBDF-4259-886E-506249D7AFAC}.Debug|Any CPU.ActiveCfg = Debug|Any CPU
		{803217F5-FBDF-4259-886E-506249D7AFAC}.Debug|Any CPU.Build.0 = Debug|Any CPU
		{803217F5-FBDF-4259-886E-506249D7AFAC}.Debug|x86.ActiveCfg = Debug|Any CPU
		{803217F5-FBDF-4259-886E-506249D7AFAC}.Debug|x86.Build.0 = Debug|Any CPU
		{803217F5-FBDF-4259-886E-506249D7AFAC}.Release|Any CPU.ActiveCfg = Release|Any CPU
		{803217F5-FBDF-4259-886E-506249D7AFAC}.Release|Any CPU.Build.0 = Release|Any CPU
		{803217F5-FBDF-4259-886E-506249D7AFAC}.Release|x86.ActiveCfg = Release|Any CPU
		{803217F5-FBDF-4259-886E-506249D7AFAC}.Release|x86.Build.0 = Release|Any CPU
		{803217F5-FBDF-4259-886E-506249D7AFAC}.Silverlight|Any CPU.ActiveCfg = Release|Any CPU
		{803217F5-FBDF-4259-886E-506249D7AFAC}.Silverlight|Any CPU.Build.0 = Release|Any CPU
		{803217F5-FBDF-4259-886E-506249D7AFAC}.Silverlight|x86.ActiveCfg = Release|Any CPU
		{803217F5-FBDF-4259-886E-506249D7AFAC}.Silverlight|x86.Build.0 = Release|Any CPU
		{803217F5-FBDF-4259-886E-506249D7AFAC}.WPF|Any CPU.ActiveCfg = Release|Any CPU
		{803217F5-FBDF-4259-886E-506249D7AFAC}.WPF|Any CPU.Build.0 = Release|Any CPU
		{803217F5-FBDF-4259-886E-506249D7AFAC}.WPF|x86.ActiveCfg = Release|Any CPU
		{803217F5-FBDF-4259-886E-506249D7AFAC}.WPF|x86.Build.0 = Release|Any CPU
		{B93092FC-CB78-4F95-A9DE-A94E1464EC39}.Debug|Any CPU.ActiveCfg = Debug|Any CPU
		{B93092FC-CB78-4F95-A9DE-A94E1464EC39}.Debug|Any CPU.Build.0 = Debug|Any CPU
		{B93092FC-CB78-4F95-A9DE-A94E1464EC39}.Debug|x86.ActiveCfg = Debug|Any CPU
		{B93092FC-CB78-4F95-A9DE-A94E1464EC39}.Debug|x86.Build.0 = Debug|Any CPU
		{B93092FC-CB78-4F95-A9DE-A94E1464EC39}.Release|Any CPU.ActiveCfg = Release|Any CPU
		{B93092FC-CB78-4F95-A9DE-A94E1464EC39}.Release|Any CPU.Build.0 = Release|Any CPU
		{B93092FC-CB78-4F95-A9DE-A94E1464EC39}.Release|x86.ActiveCfg = Release|Any CPU
		{B93092FC-CB78-4F95-A9DE-A94E1464EC39}.Release|x86.Build.0 = Release|Any CPU
		{B93092FC-CB78-4F95-A9DE-A94E1464EC39}.Silverlight|Any CPU.ActiveCfg = Release|Any CPU
		{B93092FC-CB78-4F95-A9DE-A94E1464EC39}.Silverlight|Any CPU.Build.0 = Release|Any CPU
		{B93092FC-CB78-4F95-A9DE-A94E1464EC39}.Silverlight|x86.ActiveCfg = Release|Any CPU
		{B93092FC-CB78-4F95-A9DE-A94E1464EC39}.Silverlight|x86.Build.0 = Release|Any CPU
		{B93092FC-CB78-4F95-A9DE-A94E1464EC39}.WPF|Any CPU.ActiveCfg = Release|Any CPU
		{B93092FC-CB78-4F95-A9DE-A94E1464EC39}.WPF|Any CPU.Build.0 = Release|Any CPU
		{B93092FC-CB78-4F95-A9DE-A94E1464EC39}.WPF|x86.ActiveCfg = Release|Any CPU
		{B93092FC-CB78-4F95-A9DE-A94E1464EC39}.WPF|x86.Build.0 = Release|Any CPU
		{A806A195-C15B-432F-8593-80E9C887D6B4}.Debug|Any CPU.ActiveCfg = Debug|Any CPU
		{A806A195-C15B-432F-8593-80E9C887D6B4}.Debug|Any CPU.Build.0 = Debug|Any CPU
		{A806A195-C15B-432F-8593-80E9C887D6B4}.Debug|x86.ActiveCfg = Debug|Any CPU
		{A806A195-C15B-432F-8593-80E9C887D6B4}.Debug|x86.Build.0 = Debug|Any CPU
		{A806A195-C15B-432F-8593-80E9C887D6B4}.Release|Any CPU.ActiveCfg = Release|Any CPU
		{A806A195-C15B-432F-8593-80E9C887D6B4}.Release|Any CPU.Build.0 = Release|Any CPU
		{A806A195-C15B-432F-8593-80E9C887D6B4}.Release|x86.ActiveCfg = Release|Any CPU
		{A806A195-C15B-432F-8593-80E9C887D6B4}.Release|x86.Build.0 = Release|Any CPU
		{A806A195-C15B-432F-8593-80E9C887D6B4}.Silverlight|Any CPU.ActiveCfg = Release|Any CPU
		{A806A195-C15B-432F-8593-80E9C887D6B4}.Silverlight|Any CPU.Build.0 = Release|Any CPU
		{A806A195-C15B-432F-8593-80E9C887D6B4}.Silverlight|x86.ActiveCfg = Release|Any CPU
		{A806A195-C15B-432F-8593-80E9C887D6B4}.Silverlight|x86.Build.0 = Release|Any CPU
		{A806A195-C15B-432F-8593-80E9C887D6B4}.WPF|Any CPU.ActiveCfg = Release|Any CPU
		{A806A195-C15B-432F-8593-80E9C887D6B4}.WPF|Any CPU.Build.0 = Release|Any CPU
		{A806A195-C15B-432F-8593-80E9C887D6B4}.WPF|x86.ActiveCfg = Release|Any CPU
		{A806A195-C15B-432F-8593-80E9C887D6B4}.WPF|x86.Build.0 = Release|Any CPU
		{91D36BD4-075D-4831-B747-91116D49301F}.Debug|Any CPU.ActiveCfg = Debug|Any CPU
		{91D36BD4-075D-4831-B747-91116D49301F}.Debug|Any CPU.Build.0 = Debug|Any CPU
		{91D36BD4-075D-4831-B747-91116D49301F}.Debug|x86.ActiveCfg = Debug|Any CPU
		{91D36BD4-075D-4831-B747-91116D49301F}.Debug|x86.Build.0 = Debug|Any CPU
		{91D36BD4-075D-4831-B747-91116D49301F}.Release|Any CPU.ActiveCfg = Release|Any CPU
		{91D36BD4-075D-4831-B747-91116D49301F}.Release|Any CPU.Build.0 = Release|Any CPU
		{91D36BD4-075D-4831-B747-91116D49301F}.Release|x86.ActiveCfg = Release|Any CPU
		{91D36BD4-075D-4831-B747-91116D49301F}.Release|x86.Build.0 = Release|Any CPU
		{91D36BD4-075D-4831-B747-91116D49301F}.Silverlight|Any CPU.ActiveCfg = Release|Any CPU
		{91D36BD4-075D-4831-B747-91116D49301F}.Silverlight|Any CPU.Build.0 = Release|Any CPU
		{91D36BD4-075D-4831-B747-91116D49301F}.Silverlight|x86.ActiveCfg = Release|Any CPU
		{91D36BD4-075D-4831-B747-91116D49301F}.Silverlight|x86.Build.0 = Release|Any CPU
		{91D36BD4-075D-4831-B747-91116D49301F}.WPF|Any CPU.ActiveCfg = Release|Any CPU
		{91D36BD4-075D-4831-B747-91116D49301F}.WPF|Any CPU.Build.0 = Release|Any CPU
		{91D36BD4-075D-4831-B747-91116D49301F}.WPF|x86.ActiveCfg = Release|Any CPU
		{91D36BD4-075D-4831-B747-91116D49301F}.WPF|x86.Build.0 = Release|Any CPU
		{CB6CF7A9-9A2E-41A3-849F-8810C20CCEB9}.Debug|Any CPU.ActiveCfg = Debug|Any CPU
		{CB6CF7A9-9A2E-41A3-849F-8810C20CCEB9}.Debug|Any CPU.Build.0 = Debug|Any CPU
		{CB6CF7A9-9A2E-41A3-849F-8810C20CCEB9}.Debug|x86.ActiveCfg = Debug|Any CPU
		{CB6CF7A9-9A2E-41A3-849F-8810C20CCEB9}.Debug|x86.Build.0 = Debug|Any CPU
		{CB6CF7A9-9A2E-41A3-849F-8810C20CCEB9}.Release|Any CPU.ActiveCfg = Release|Any CPU
		{CB6CF7A9-9A2E-41A3-849F-8810C20CCEB9}.Release|Any CPU.Build.0 = Release|Any CPU
		{CB6CF7A9-9A2E-41A3-849F-8810C20CCEB9}.Release|x86.ActiveCfg = Release|Any CPU
		{CB6CF7A9-9A2E-41A3-849F-8810C20CCEB9}.Release|x86.Build.0 = Release|Any CPU
		{CB6CF7A9-9A2E-41A3-849F-8810C20CCEB9}.Silverlight|Any CPU.ActiveCfg = Release|Any CPU
		{CB6CF7A9-9A2E-41A3-849F-8810C20CCEB9}.Silverlight|Any CPU.Build.0 = Release|Any CPU
		{CB6CF7A9-9A2E-41A3-849F-8810C20CCEB9}.Silverlight|x86.ActiveCfg = Release|Any CPU
		{CB6CF7A9-9A2E-41A3-849F-8810C20CCEB9}.Silverlight|x86.Build.0 = Release|Any CPU
		{CB6CF7A9-9A2E-41A3-849F-8810C20CCEB9}.WPF|Any CPU.ActiveCfg = Release|Any CPU
		{CB6CF7A9-9A2E-41A3-849F-8810C20CCEB9}.WPF|Any CPU.Build.0 = Release|Any CPU
		{CB6CF7A9-9A2E-41A3-849F-8810C20CCEB9}.WPF|x86.ActiveCfg = Release|Any CPU
		{CB6CF7A9-9A2E-41A3-849F-8810C20CCEB9}.WPF|x86.Build.0 = Release|Any CPU
		{F9F0BFA7-0C4A-4C8C-B81C-2A0477CBF637}.Debug|Any CPU.ActiveCfg = Debug|Any CPU
		{F9F0BFA7-0C4A-4C8C-B81C-2A0477CBF637}.Debug|Any CPU.Build.0 = Debug|Any CPU
		{F9F0BFA7-0C4A-4C8C-B81C-2A0477CBF637}.Debug|x86.ActiveCfg = Debug|Any CPU
		{F9F0BFA7-0C4A-4C8C-B81C-2A0477CBF637}.Debug|x86.Build.0 = Debug|Any CPU
		{F9F0BFA7-0C4A-4C8C-B81C-2A0477CBF637}.Release|Any CPU.ActiveCfg = Release|Any CPU
		{F9F0BFA7-0C4A-4C8C-B81C-2A0477CBF637}.Release|Any CPU.Build.0 = Release|Any CPU
		{F9F0BFA7-0C4A-4C8C-B81C-2A0477CBF637}.Release|x86.ActiveCfg = Release|Any CPU
		{F9F0BFA7-0C4A-4C8C-B81C-2A0477CBF637}.Release|x86.Build.0 = Release|Any CPU
		{F9F0BFA7-0C4A-4C8C-B81C-2A0477CBF637}.Silverlight|Any CPU.ActiveCfg = Release|Any CPU
		{F9F0BFA7-0C4A-4C8C-B81C-2A0477CBF637}.Silverlight|Any CPU.Build.0 = Release|Any CPU
		{F9F0BFA7-0C4A-4C8C-B81C-2A0477CBF637}.Silverlight|x86.ActiveCfg = Release|Any CPU
		{F9F0BFA7-0C4A-4C8C-B81C-2A0477CBF637}.Silverlight|x86.Build.0 = Release|Any CPU
		{F9F0BFA7-0C4A-4C8C-B81C-2A0477CBF637}.WPF|Any CPU.ActiveCfg = Release|Any CPU
		{F9F0BFA7-0C4A-4C8C-B81C-2A0477CBF637}.WPF|Any CPU.Build.0 = Release|Any CPU
		{F9F0BFA7-0C4A-4C8C-B81C-2A0477CBF637}.WPF|x86.ActiveCfg = Release|Any CPU
		{F9F0BFA7-0C4A-4C8C-B81C-2A0477CBF637}.WPF|x86.Build.0 = Release|Any CPU
		{CA2A9D41-02AD-473F-8842-70257B0EFFE9}.Debug|Any CPU.ActiveCfg = Debug|Any CPU
		{CA2A9D41-02AD-473F-8842-70257B0EFFE9}.Debug|Any CPU.Build.0 = Debug|Any CPU
		{CA2A9D41-02AD-473F-8842-70257B0EFFE9}.Debug|x86.ActiveCfg = Debug|Any CPU
		{CA2A9D41-02AD-473F-8842-70257B0EFFE9}.Debug|x86.Build.0 = Debug|Any CPU
		{CA2A9D41-02AD-473F-8842-70257B0EFFE9}.Release|Any CPU.ActiveCfg = Release|Any CPU
		{CA2A9D41-02AD-473F-8842-70257B0EFFE9}.Release|Any CPU.Build.0 = Release|Any CPU
		{CA2A9D41-02AD-473F-8842-70257B0EFFE9}.Release|x86.ActiveCfg = Release|Any CPU
		{CA2A9D41-02AD-473F-8842-70257B0EFFE9}.Release|x86.Build.0 = Release|Any CPU
		{CA2A9D41-02AD-473F-8842-70257B0EFFE9}.Silverlight|Any CPU.ActiveCfg = Debug|Any CPU
		{CA2A9D41-02AD-473F-8842-70257B0EFFE9}.Silverlight|Any CPU.Build.0 = Debug|Any CPU
		{CA2A9D41-02AD-473F-8842-70257B0EFFE9}.Silverlight|x86.ActiveCfg = Debug|Any CPU
		{CA2A9D41-02AD-473F-8842-70257B0EFFE9}.Silverlight|x86.Build.0 = Debug|Any CPU
		{CA2A9D41-02AD-473F-8842-70257B0EFFE9}.WPF|Any CPU.ActiveCfg = Debug|Any CPU
		{CA2A9D41-02AD-473F-8842-70257B0EFFE9}.WPF|Any CPU.Build.0 = Debug|Any CPU
		{CA2A9D41-02AD-473F-8842-70257B0EFFE9}.WPF|x86.ActiveCfg = Debug|Any CPU
		{CA2A9D41-02AD-473F-8842-70257B0EFFE9}.WPF|x86.Build.0 = Debug|Any CPU
		{AD1FF8B4-6658-47E2-80C1-D65AE2B0C9F4}.Debug|Any CPU.ActiveCfg = Debug|Any CPU
		{AD1FF8B4-6658-47E2-80C1-D65AE2B0C9F4}.Debug|Any CPU.Build.0 = Debug|Any CPU
		{AD1FF8B4-6658-47E2-80C1-D65AE2B0C9F4}.Debug|x86.ActiveCfg = Debug|Any CPU
		{AD1FF8B4-6658-47E2-80C1-D65AE2B0C9F4}.Debug|x86.Build.0 = Debug|Any CPU
		{AD1FF8B4-6658-47E2-80C1-D65AE2B0C9F4}.Release|Any CPU.ActiveCfg = Release|Any CPU
		{AD1FF8B4-6658-47E2-80C1-D65AE2B0C9F4}.Release|Any CPU.Build.0 = Release|Any CPU
		{AD1FF8B4-6658-47E2-80C1-D65AE2B0C9F4}.Release|x86.ActiveCfg = Release|Any CPU
		{AD1FF8B4-6658-47E2-80C1-D65AE2B0C9F4}.Release|x86.Build.0 = Release|Any CPU
		{AD1FF8B4-6658-47E2-80C1-D65AE2B0C9F4}.Silverlight|Any CPU.ActiveCfg = Release|Any CPU
		{AD1FF8B4-6658-47E2-80C1-D65AE2B0C9F4}.Silverlight|Any CPU.Build.0 = Release|Any CPU
		{AD1FF8B4-6658-47E2-80C1-D65AE2B0C9F4}.Silverlight|x86.ActiveCfg = Release|Any CPU
		{AD1FF8B4-6658-47E2-80C1-D65AE2B0C9F4}.Silverlight|x86.Build.0 = Release|Any CPU
		{AD1FF8B4-6658-47E2-80C1-D65AE2B0C9F4}.WPF|Any CPU.ActiveCfg = Release|Any CPU
		{AD1FF8B4-6658-47E2-80C1-D65AE2B0C9F4}.WPF|Any CPU.Build.0 = Release|Any CPU
		{AD1FF8B4-6658-47E2-80C1-D65AE2B0C9F4}.WPF|x86.ActiveCfg = Release|Any CPU
		{AD1FF8B4-6658-47E2-80C1-D65AE2B0C9F4}.WPF|x86.Build.0 = Release|Any CPU
		{E797AC64-3D3D-4F38-999D-17125E8DC2A6}.Debug|Any CPU.ActiveCfg = Debug|Any CPU
		{E797AC64-3D3D-4F38-999D-17125E8DC2A6}.Debug|Any CPU.Build.0 = Debug|Any CPU
		{E797AC64-3D3D-4F38-999D-17125E8DC2A6}.Debug|x86.ActiveCfg = Debug|Any CPU
		{E797AC64-3D3D-4F38-999D-17125E8DC2A6}.Debug|x86.Build.0 = Debug|Any CPU
		{E797AC64-3D3D-4F38-999D-17125E8DC2A6}.Release|Any CPU.ActiveCfg = Release|Any CPU
		{E797AC64-3D3D-4F38-999D-17125E8DC2A6}.Release|Any CPU.Build.0 = Release|Any CPU
		{E797AC64-3D3D-4F38-999D-17125E8DC2A6}.Release|x86.ActiveCfg = Release|Any CPU
		{E797AC64-3D3D-4F38-999D-17125E8DC2A6}.Release|x86.Build.0 = Release|Any CPU
		{E797AC64-3D3D-4F38-999D-17125E8DC2A6}.Silverlight|Any CPU.ActiveCfg = Debug|Any CPU
		{E797AC64-3D3D-4F38-999D-17125E8DC2A6}.Silverlight|Any CPU.Build.0 = Debug|Any CPU
		{E797AC64-3D3D-4F38-999D-17125E8DC2A6}.Silverlight|x86.ActiveCfg = Debug|Any CPU
		{E797AC64-3D3D-4F38-999D-17125E8DC2A6}.Silverlight|x86.Build.0 = Debug|Any CPU
		{E797AC64-3D3D-4F38-999D-17125E8DC2A6}.WPF|Any CPU.ActiveCfg = Debug|Any CPU
		{E797AC64-3D3D-4F38-999D-17125E8DC2A6}.WPF|Any CPU.Build.0 = Debug|Any CPU
		{E797AC64-3D3D-4F38-999D-17125E8DC2A6}.WPF|x86.ActiveCfg = Debug|Any CPU
		{E797AC64-3D3D-4F38-999D-17125E8DC2A6}.WPF|x86.Build.0 = Debug|Any CPU
		{E60C1FE2-0253-4B04-AA70-65BE8CC91C1B}.Debug|Any CPU.ActiveCfg = Debug|Any CPU
		{E60C1FE2-0253-4B04-AA70-65BE8CC91C1B}.Debug|Any CPU.Build.0 = Debug|Any CPU
		{E60C1FE2-0253-4B04-AA70-65BE8CC91C1B}.Debug|x86.ActiveCfg = Debug|Any CPU
		{E60C1FE2-0253-4B04-AA70-65BE8CC91C1B}.Debug|x86.Build.0 = Debug|Any CPU
		{E60C1FE2-0253-4B04-AA70-65BE8CC91C1B}.Release|Any CPU.ActiveCfg = Release|Any CPU
		{E60C1FE2-0253-4B04-AA70-65BE8CC91C1B}.Release|Any CPU.Build.0 = Release|Any CPU
		{E60C1FE2-0253-4B04-AA70-65BE8CC91C1B}.Release|x86.ActiveCfg = Release|Any CPU
		{E60C1FE2-0253-4B04-AA70-65BE8CC91C1B}.Release|x86.Build.0 = Release|Any CPU
		{E60C1FE2-0253-4B04-AA70-65BE8CC91C1B}.Silverlight|Any CPU.ActiveCfg = Debug|Any CPU
		{E60C1FE2-0253-4B04-AA70-65BE8CC91C1B}.Silverlight|Any CPU.Build.0 = Debug|Any CPU
		{E60C1FE2-0253-4B04-AA70-65BE8CC91C1B}.Silverlight|x86.ActiveCfg = Debug|Any CPU
		{E60C1FE2-0253-4B04-AA70-65BE8CC91C1B}.Silverlight|x86.Build.0 = Debug|Any CPU
		{E60C1FE2-0253-4B04-AA70-65BE8CC91C1B}.WPF|Any CPU.ActiveCfg = Debug|Any CPU
		{E60C1FE2-0253-4B04-AA70-65BE8CC91C1B}.WPF|Any CPU.Build.0 = Debug|Any CPU
		{E60C1FE2-0253-4B04-AA70-65BE8CC91C1B}.WPF|x86.ActiveCfg = Debug|Any CPU
		{E60C1FE2-0253-4B04-AA70-65BE8CC91C1B}.WPF|x86.Build.0 = Debug|Any CPU
	EndGlobalSection
	GlobalSection(SolutionProperties) = preSolution
		HideSolutionNode = FALSE
	EndGlobalSection
	GlobalSection(NestedProjects) = preSolution
		{41E1CFDE-BFA0-4274-9267-B129B46BC312} = {8CD3AB5B-57A4-4370-8E3B-3D7A31FD4049}
		{ADC26515-57B3-4232-80E4-DEC6F28856C5} = {8CD3AB5B-57A4-4370-8E3B-3D7A31FD4049}
		{530FE9F7-A834-4780-8799-B096007BF7C0} = {8CD3AB5B-57A4-4370-8E3B-3D7A31FD4049}
		{4154CAD9-93E5-437A-AE93-CF8AA44DBDFE} = {8CD3AB5B-57A4-4370-8E3B-3D7A31FD4049}
		{1230538D-4038-4192-8120-9BCE3EBECC9D} = {8CD3AB5B-57A4-4370-8E3B-3D7A31FD4049}
		{CF20AFE9-A828-4081-83BB-DC5DDDA145A2} = {8CD3AB5B-57A4-4370-8E3B-3D7A31FD4049}
		{B93092FC-CB78-4F95-A9DE-A94E1464EC39} = {8CD3AB5B-57A4-4370-8E3B-3D7A31FD4049}
		{A806A195-C15B-432F-8593-80E9C887D6B4} = {8CD3AB5B-57A4-4370-8E3B-3D7A31FD4049}
		{91D36BD4-075D-4831-B747-91116D49301F} = {8CD3AB5B-57A4-4370-8E3B-3D7A31FD4049}
		{CA2A9D41-02AD-473F-8842-70257B0EFFE9} = {8CD3AB5B-57A4-4370-8E3B-3D7A31FD4049}
		{E797AC64-3D3D-4F38-999D-17125E8DC2A6} = {8CD3AB5B-57A4-4370-8E3B-3D7A31FD4049}
		{E60C1FE2-0253-4B04-AA70-65BE8CC91C1B} = {8CD3AB5B-57A4-4370-8E3B-3D7A31FD4049}
	EndGlobalSection
	GlobalSection(ExtensibilityGlobals) = postSolution
		SolutionGuid = {6477FF48-E0DC-409B-A459-AE4CD78C12AD}
	EndGlobalSection
EndGlobal
