
Microsoft Visual Studio Solution File, Format Version 12.00
# Visual Studio 14
VisualStudioVersion = 14.0.25420.1
MinimumVisualStudioVersion = 10.0.40219.1
Project("{FAE04EC0-301F-11D3-BF4B-00C04F79EFBC}") = "CTDDJYDS.Database.Common", "CTDDJYDS.DatabaseCommon\CTDDJYDS.Database.Common.csproj", "{D6F78A30-9FF6-44D2-8307-13DE351E1126}"
EndProject
Project("{FAE04EC0-301F-11D3-BF4B-00C04F79EFBC}") = "ThoughtWorks.QRCode", "ThoughtWorks.QRCode\ThoughtWorks.QRCode.csproj", "{E98126B2-AF17-4783-96B9-856D6744DCA3}"
EndProject
Project("{2150E333-8FDC-42A3-9474-1A3956D46DE8}") = "Test", "Test", "{8CD3AB5B-57A4-4370-8E3B-3D7A31FD4049}"
EndProject
Project("{FAE04EC0-301F-11D3-BF4B-00C04F79EFBC}") = "QRCodeSampleApp", "CommonShareTest\QRCodeSampleApp\QRCodeSampleApp.csproj", "{41E1CFDE-BFA0-4274-9267-B129B46BC312}"
EndProject
Project("{FAE04EC0-301F-11D3-BF4B-00C04F79EFBC}") = "NHibernateApp", "CommonShareTest\NHibernateApp\NHibernateApp.csproj", "{B93092FC-CB78-4F95-A9DE-A94E1464EC39}"
EndProject
Project("{FAE04EC0-301F-11D3-BF4B-00C04F79EFBC}") = "ZedGraph", "ZedGraph\ZedGraph.csproj", "{F60D48BD-53CA-4CB8-9F94-A981928B0A40}"
EndProject
Project("{FAE04EC0-301F-11D3-BF4B-00C04F79EFBC}") = "WPFVisifireCharts", "WPFVisifireCharts\WPFVisifireCharts.csproj", "{CF8E563B-5C37-47C3-8431-056EE13E6A00}"
EndProject
Project("{FAE04EC0-301F-11D3-BF4B-00C04F79EFBC}") = "WPFVisifireChartsApp", "CommonShareTest\WPFVisifireChartsApp\WPFVisifireChartsApp.csproj", "{8FB59643-9EB8-4C87-8F87-C1C3BE2E5470}"
EndProject
Project("{FAE04EC0-301F-11D3-BF4B-00C04F79EFBC}") = "ctddjyds.MetroChart", "ctddjyds.MetroChart\ctddjyds.MetroChart.csproj", "{FA286411-E476-4BD0-ABE9-7AE69226069C}"
EndProject
Project("{FAE04EC0-301F-11D3-BF4B-00C04F79EFBC}") = "ctddjyds.TestApplication", "CommonShareTest\ctddjyds.TestApplication\ctddjyds.TestApplication.csproj", "{ADC26515-57B3-4232-80E4-DEC6F28856C5}"
EndProject
Project("{FAE04EC0-301F-11D3-BF4B-00C04F79EFBC}") = "ctddjyds.GraphicsModel", "ctddjyds.GraphicsModel\ctddjyds.GraphicsModel.csproj", "{013A5814-131D-4350-BD1B-A553A9D02C86}"
EndProject
Project("{FAE04EC0-301F-11D3-BF4B-00C04F79EFBC}") = "CTDDJYDS.CommonModule", "CTDDJYDS.CommonModule\CTDDJYDS.CommonModule.csproj", "{785B5C3A-84FE-446D-8F55-3ED0974B8A13}"
EndProject
Project("{FAE04EC0-301F-11D3-BF4B-00C04F79EFBC}") = "FastReflectionLib", "FastReflection\FastReflectionLib.csproj", "{CB5CDFC1-C46C-413E-A12F-94464BAFB4C6}"
EndProject
Project("{FAE04EC0-301F-11D3-BF4B-00C04F79EFBC}") = "CTDDJYDS.SocketModule", "CTDDJYDS.SocketModule\CTDDJYDS.SocketModule.csproj", "{1B480D43-B27D-4163-B463-D75AE325BE1D}"
EndProject
Project("{FAE04EC0-301F-11D3-BF4B-00C04F79EFBC}") = "DapperApp", "DapperApp\DapperApp.csproj", "{91D36BD4-075D-4831-B747-91116D49301F}"
EndProject
Project("{FAE04EC0-301F-11D3-BF4B-00C04F79EFBC}") = "DB.Sqlsugar", "DB.Sqlsugar\DB.Sqlsugar.csproj", "{CB6CF7A9-9A2E-41A3-849F-8810C20CCEB9}"
EndProject
Global
	GlobalSection(SolutionConfigurationPlatforms) = preSolution
		Debug|Any CPU = Debug|Any CPU
		Release|Any CPU = Release|Any CPU
		Silverlight|Any CPU = Silverlight|Any CPU
		WPF|Any CPU = WPF|Any CPU
	EndGlobalSection
	GlobalSection(ProjectConfigurationPlatforms) = postSolution
		{D6F78A30-9FF6-44D2-8307-13DE351E1126}.Debug|Any CPU.ActiveCfg = Debug|Any CPU
		{D6F78A30-9FF6-44D2-8307-13DE351E1126}.Debug|Any CPU.Build.0 = Debug|Any CPU
		{D6F78A30-9FF6-44D2-8307-13DE351E1126}.Release|Any CPU.ActiveCfg = Release|Any CPU
		{D6F78A30-9FF6-44D2-8307-13DE351E1126}.Release|Any CPU.Build.0 = Release|Any CPU
		{D6F78A30-9FF6-44D2-8307-13DE351E1126}.Silverlight|Any CPU.ActiveCfg = Release|Any CPU
		{D6F78A30-9FF6-44D2-8307-13DE351E1126}.Silverlight|Any CPU.Build.0 = Release|Any CPU
		{D6F78A30-9FF6-44D2-8307-13DE351E1126}.WPF|Any CPU.ActiveCfg = Release|Any CPU
		{D6F78A30-9FF6-44D2-8307-13DE351E1126}.WPF|Any CPU.Build.0 = Release|Any CPU
		{E98126B2-AF17-4783-96B9-856D6744DCA3}.Debug|Any CPU.ActiveCfg = Debug|Any CPU
		{E98126B2-AF17-4783-96B9-856D6744DCA3}.Debug|Any CPU.Build.0 = Debug|Any CPU
		{E98126B2-AF17-4783-96B9-856D6744DCA3}.Release|Any CPU.ActiveCfg = Release|Any CPU
		{E98126B2-AF17-4783-96B9-856D6744DCA3}.Release|Any CPU.Build.0 = Release|Any CPU
		{E98126B2-AF17-4783-96B9-856D6744DCA3}.Silverlight|Any CPU.ActiveCfg = Release|Any CPU
		{E98126B2-AF17-4783-96B9-856D6744DCA3}.Silverlight|Any CPU.Build.0 = Release|Any CPU
		{E98126B2-AF17-4783-96B9-856D6744DCA3}.WPF|Any CPU.ActiveCfg = Release|Any CPU
		{E98126B2-AF17-4783-96B9-856D6744DCA3}.WPF|Any CPU.Build.0 = Release|Any CPU
		{41E1CFDE-BFA0-4274-9267-B129B46BC312}.Debug|Any CPU.ActiveCfg = Debug|Any CPU
		{41E1CFDE-BFA0-4274-9267-B129B46BC312}.Debug|Any CPU.Build.0 = Debug|Any CPU
		{41E1CFDE-BFA0-4274-9267-B129B46BC312}.Release|Any CPU.ActiveCfg = Release|Any CPU
		{41E1CFDE-BFA0-4274-9267-B129B46BC312}.Release|Any CPU.Build.0 = Release|Any CPU
		{41E1CFDE-BFA0-4274-9267-B129B46BC312}.Silverlight|Any CPU.ActiveCfg = Release|Any CPU
		{41E1CFDE-BFA0-4274-9267-B129B46BC312}.Silverlight|Any CPU.Build.0 = Release|Any CPU
		{41E1CFDE-BFA0-4274-9267-B129B46BC312}.WPF|Any CPU.ActiveCfg = Release|Any CPU
		{41E1CFDE-BFA0-4274-9267-B129B46BC312}.WPF|Any CPU.Build.0 = Release|Any CPU
		{B93092FC-CB78-4F95-A9DE-A94E1464EC39}.Debug|Any CPU.ActiveCfg = Debug|Any CPU
		{B93092FC-CB78-4F95-A9DE-A94E1464EC39}.Debug|Any CPU.Build.0 = Debug|Any CPU
		{B93092FC-CB78-4F95-A9DE-A94E1464EC39}.Release|Any CPU.ActiveCfg = Release|Any CPU
		{B93092FC-CB78-4F95-A9DE-A94E1464EC39}.Release|Any CPU.Build.0 = Release|Any CPU
		{B93092FC-CB78-4F95-A9DE-A94E1464EC39}.Silverlight|Any CPU.ActiveCfg = Release|Any CPU
		{B93092FC-CB78-4F95-A9DE-A94E1464EC39}.Silverlight|Any CPU.Build.0 = Release|Any CPU
		{B93092FC-CB78-4F95-A9DE-A94E1464EC39}.WPF|Any CPU.ActiveCfg = Release|Any CPU
		{B93092FC-CB78-4F95-A9DE-A94E1464EC39}.WPF|Any CPU.Build.0 = Release|Any CPU
		{F60D48BD-53CA-4CB8-9F94-A981928B0A40}.Debug|Any CPU.ActiveCfg = Debug|Any CPU
		{F60D48BD-53CA-4CB8-9F94-A981928B0A40}.Debug|Any CPU.Build.0 = Debug|Any CPU
		{F60D48BD-53CA-4CB8-9F94-A981928B0A40}.Release|Any CPU.ActiveCfg = Release|Any CPU
		{F60D48BD-53CA-4CB8-9F94-A981928B0A40}.Release|Any CPU.Build.0 = Release|Any CPU
		{F60D48BD-53CA-4CB8-9F94-A981928B0A40}.Silverlight|Any CPU.ActiveCfg = Release|Any CPU
		{F60D48BD-53CA-4CB8-9F94-A981928B0A40}.Silverlight|Any CPU.Build.0 = Release|Any CPU
		{F60D48BD-53CA-4CB8-9F94-A981928B0A40}.WPF|Any CPU.ActiveCfg = Release|Any CPU
		{F60D48BD-53CA-4CB8-9F94-A981928B0A40}.WPF|Any CPU.Build.0 = Release|Any CPU
		{CF8E563B-5C37-47C3-8431-056EE13E6A00}.Debug|Any CPU.ActiveCfg = Debug|Any CPU
		{CF8E563B-5C37-47C3-8431-056EE13E6A00}.Debug|Any CPU.Build.0 = Debug|Any CPU
		{CF8E563B-5C37-47C3-8431-056EE13E6A00}.Release|Any CPU.ActiveCfg = Release|Any CPU
		{CF8E563B-5C37-47C3-8431-056EE13E6A00}.Release|Any CPU.Build.0 = Release|Any CPU
		{CF8E563B-5C37-47C3-8431-056EE13E6A00}.Silverlight|Any CPU.ActiveCfg = Silverlight|Any CPU
		{CF8E563B-5C37-47C3-8431-056EE13E6A00}.Silverlight|Any CPU.Build.0 = Silverlight|Any CPU
		{CF8E563B-5C37-47C3-8431-056EE13E6A00}.WPF|Any CPU.ActiveCfg = WPF|Any CPU
		{CF8E563B-5C37-47C3-8431-056EE13E6A00}.WPF|Any CPU.Build.0 = WPF|Any CPU
		{8FB59643-9EB8-4C87-8F87-C1C3BE2E5470}.Debug|Any CPU.ActiveCfg = Debug|Any CPU
		{8FB59643-9EB8-4C87-8F87-C1C3BE2E5470}.Debug|Any CPU.Build.0 = Debug|Any CPU
		{8FB59643-9EB8-4C87-8F87-C1C3BE2E5470}.Release|Any CPU.ActiveCfg = Release|Any CPU
		{8FB59643-9EB8-4C87-8F87-C1C3BE2E5470}.Release|Any CPU.Build.0 = Release|Any CPU
		{8FB59643-9EB8-4C87-8F87-C1C3BE2E5470}.Silverlight|Any CPU.ActiveCfg = Silverlight|Any CPU
		{8FB59643-9EB8-4C87-8F87-C1C3BE2E5470}.Silverlight|Any CPU.Build.0 = Silverlight|Any CPU
		{8FB59643-9EB8-4C87-8F87-C1C3BE2E5470}.WPF|Any CPU.ActiveCfg = WPF|Any CPU
		{8FB59643-9EB8-4C87-8F87-C1C3BE2E5470}.WPF|Any CPU.Build.0 = WPF|Any CPU
		{FA286411-E476-4BD0-ABE9-7AE69226069C}.Debug|Any CPU.ActiveCfg = Debug|Any CPU
		{FA286411-E476-4BD0-ABE9-7AE69226069C}.Debug|Any CPU.Build.0 = Debug|Any CPU
		{FA286411-E476-4BD0-ABE9-7AE69226069C}.Release|Any CPU.ActiveCfg = Release|Any CPU
		{FA286411-E476-4BD0-ABE9-7AE69226069C}.Release|Any CPU.Build.0 = Release|Any CPU
		{FA286411-E476-4BD0-ABE9-7AE69226069C}.Silverlight|Any CPU.ActiveCfg = Release|Any CPU
		{FA286411-E476-4BD0-ABE9-7AE69226069C}.Silverlight|Any CPU.Build.0 = Release|Any CPU
		{FA286411-E476-4BD0-ABE9-7AE69226069C}.WPF|Any CPU.ActiveCfg = Release|Any CPU
		{FA286411-E476-4BD0-ABE9-7AE69226069C}.WPF|Any CPU.Build.0 = Release|Any CPU
		{ADC26515-57B3-4232-80E4-DEC6F28856C5}.Debug|Any CPU.ActiveCfg = Debug|Any CPU
		{ADC26515-57B3-4232-80E4-DEC6F28856C5}.Debug|Any CPU.Build.0 = Debug|Any CPU
		{ADC26515-57B3-4232-80E4-DEC6F28856C5}.Release|Any CPU.ActiveCfg = Release|Any CPU
		{ADC26515-57B3-4232-80E4-DEC6F28856C5}.Release|Any CPU.Build.0 = Release|Any CPU
		{ADC26515-57B3-4232-80E4-DEC6F28856C5}.Silverlight|Any CPU.ActiveCfg = Release|Any CPU
		{ADC26515-57B3-4232-80E4-DEC6F28856C5}.Silverlight|Any CPU.Build.0 = Release|Any CPU
		{ADC26515-57B3-4232-80E4-DEC6F28856C5}.WPF|Any CPU.ActiveCfg = Release|Any CPU
		{ADC26515-57B3-4232-80E4-DEC6F28856C5}.WPF|Any CPU.Build.0 = Release|Any CPU
		{013A5814-131D-4350-BD1B-A553A9D02C86}.Debug|Any CPU.ActiveCfg = Debug|Any CPU
		{013A5814-131D-4350-BD1B-A553A9D02C86}.Debug|Any CPU.Build.0 = Debug|Any CPU
		{013A5814-131D-4350-BD1B-A553A9D02C86}.Release|Any CPU.ActiveCfg = Release|Any CPU
		{013A5814-131D-4350-BD1B-A553A9D02C86}.Release|Any CPU.Build.0 = Release|Any CPU
		{013A5814-131D-4350-BD1B-A553A9D02C86}.Silverlight|Any CPU.ActiveCfg = Release|Any CPU
		{013A5814-131D-4350-BD1B-A553A9D02C86}.Silverlight|Any CPU.Build.0 = Release|Any CPU
		{013A5814-131D-4350-BD1B-A553A9D02C86}.WPF|Any CPU.ActiveCfg = Release|Any CPU
		{013A5814-131D-4350-BD1B-A553A9D02C86}.WPF|Any CPU.Build.0 = Release|Any CPU
		{785B5C3A-84FE-446D-8F55-3ED0974B8A13}.Debug|Any CPU.ActiveCfg = Debug|Any CPU
		{785B5C3A-84FE-446D-8F55-3ED0974B8A13}.Debug|Any CPU.Build.0 = Debug|Any CPU
		{785B5C3A-84FE-446D-8F55-3ED0974B8A13}.Release|Any CPU.ActiveCfg = Release|Any CPU
		{785B5C3A-84FE-446D-8F55-3ED0974B8A13}.Release|Any CPU.Build.0 = Release|Any CPU
		{785B5C3A-84FE-446D-8F55-3ED0974B8A13}.Silverlight|Any CPU.ActiveCfg = Release|Any CPU
		{785B5C3A-84FE-446D-8F55-3ED0974B8A13}.Silverlight|Any CPU.Build.0 = Release|Any CPU
		{785B5C3A-84FE-446D-8F55-3ED0974B8A13}.WPF|Any CPU.ActiveCfg = Release|Any CPU
		{785B5C3A-84FE-446D-8F55-3ED0974B8A13}.WPF|Any CPU.Build.0 = Release|Any CPU
		{CB5CDFC1-C46C-413E-A12F-94464BAFB4C6}.Debug|Any CPU.ActiveCfg = Debug|Any CPU
		{CB5CDFC1-C46C-413E-A12F-94464BAFB4C6}.Debug|Any CPU.Build.0 = Debug|Any CPU
		{CB5CDFC1-C46C-413E-A12F-94464BAFB4C6}.Release|Any CPU.ActiveCfg = Release|Any CPU
		{CB5CDFC1-C46C-413E-A12F-94464BAFB4C6}.Release|Any CPU.Build.0 = Release|Any CPU
		{CB5CDFC1-C46C-413E-A12F-94464BAFB4C6}.Silverlight|Any CPU.ActiveCfg = Release|Any CPU
		{CB5CDFC1-C46C-413E-A12F-94464BAFB4C6}.Silverlight|Any CPU.Build.0 = Release|Any CPU
		{CB5CDFC1-C46C-413E-A12F-94464BAFB4C6}.WPF|Any CPU.ActiveCfg = Release|Any CPU
		{CB5CDFC1-C46C-413E-A12F-94464BAFB4C6}.WPF|Any CPU.Build.0 = Release|Any CPU
		{1B480D43-B27D-4163-B463-D75AE325BE1D}.Debug|Any CPU.ActiveCfg = Debug|Any CPU
		{1B480D43-B27D-4163-B463-D75AE325BE1D}.Debug|Any CPU.Build.0 = Debug|Any CPU
		{1B480D43-B27D-4163-B463-D75AE325BE1D}.Release|Any CPU.ActiveCfg = Release|Any CPU
		{1B480D43-B27D-4163-B463-D75AE325BE1D}.Release|Any CPU.Build.0 = Release|Any CPU
		{1B480D43-B27D-4163-B463-D75AE325BE1D}.Silverlight|Any CPU.ActiveCfg = Release|Any CPU
		{1B480D43-B27D-4163-B463-D75AE325BE1D}.Silverlight|Any CPU.Build.0 = Release|Any CPU
		{1B480D43-B27D-4163-B463-D75AE325BE1D}.WPF|Any CPU.ActiveCfg = Release|Any CPU
		{1B480D43-B27D-4163-B463-D75AE325BE1D}.WPF|Any CPU.Build.0 = Release|Any CPU
		{91D36BD4-075D-4831-B747-91116D49301F}.Debug|Any CPU.ActiveCfg = Debug|Any CPU
		{91D36BD4-075D-4831-B747-91116D49301F}.Debug|Any CPU.Build.0 = Debug|Any CPU
		{91D36BD4-075D-4831-B747-91116D49301F}.Release|Any CPU.ActiveCfg = Release|Any CPU
		{91D36BD4-075D-4831-B747-91116D49301F}.Release|Any CPU.Build.0 = Release|Any CPU
		{91D36BD4-075D-4831-B747-91116D49301F}.Silverlight|Any CPU.ActiveCfg = Release|Any CPU
		{91D36BD4-075D-4831-B747-91116D49301F}.Silverlight|Any CPU.Build.0 = Release|Any CPU
		{91D36BD4-075D-4831-B747-91116D49301F}.WPF|Any CPU.ActiveCfg = Release|Any CPU
		{91D36BD4-075D-4831-B747-91116D49301F}.WPF|Any CPU.Build.0 = Release|Any CPU
		{CB6CF7A9-9A2E-41A3-849F-8810C20CCEB9}.Debug|Any CPU.ActiveCfg = Debug|Any CPU
		{CB6CF7A9-9A2E-41A3-849F-8810C20CCEB9}.Debug|Any CPU.Build.0 = Debug|Any CPU
		{CB6CF7A9-9A2E-41A3-849F-8810C20CCEB9}.Release|Any CPU.ActiveCfg = Release|Any CPU
		{CB6CF7A9-9A2E-41A3-849F-8810C20CCEB9}.Release|Any CPU.Build.0 = Release|Any CPU
		{CB6CF7A9-9A2E-41A3-849F-8810C20CCEB9}.Silverlight|Any CPU.ActiveCfg = Release|Any CPU
		{CB6CF7A9-9A2E-41A3-849F-8810C20CCEB9}.Silverlight|Any CPU.Build.0 = Release|Any CPU
		{CB6CF7A9-9A2E-41A3-849F-8810C20CCEB9}.WPF|Any CPU.ActiveCfg = Release|Any CPU
		{CB6CF7A9-9A2E-41A3-849F-8810C20CCEB9}.WPF|Any CPU.Build.0 = Release|Any CPU
	EndGlobalSection
	GlobalSection(SolutionProperties) = preSolution
		HideSolutionNode = FALSE
	EndGlobalSection
	GlobalSection(NestedProjects) = preSolution
		{41E1CFDE-BFA0-4274-9267-B129B46BC312} = {8CD3AB5B-57A4-4370-8E3B-3D7A31FD4049}
		{B93092FC-CB78-4F95-A9DE-A94E1464EC39} = {8CD3AB5B-57A4-4370-8E3B-3D7A31FD4049}
		{8FB59643-9EB8-4C87-8F87-C1C3BE2E5470} = {8CD3AB5B-57A4-4370-8E3B-3D7A31FD4049}
		{ADC26515-57B3-4232-80E4-DEC6F28856C5} = {8CD3AB5B-57A4-4370-8E3B-3D7A31FD4049}
		{91D36BD4-075D-4831-B747-91116D49301F} = {8CD3AB5B-57A4-4370-8E3B-3D7A31FD4049}
	EndGlobalSection
	GlobalSection(ExtensibilityGlobals) = postSolution
		SolutionGuid = {6477FF48-E0DC-409B-A459-AE4CD78C12AD}
	EndGlobalSection
EndGlobal
